
Microsoft Visual Studio Solution File, Format Version 12.00
# Visual Studio 15
VisualStudioVersion = 15.0.34112.143
MinimumVisualStudioVersion = 10.0.40219.1
Project("{F184B08F-C81C-45F6-A57F-5ABD9991F28F}") = "app_gest_ecole", "app_gest_ecole\app_gest_ecole.vbproj", "{F80F3805-5133-4CC7-B7A2-1FB38158DE93}"
EndProject
Global
	GlobalSection(SolutionConfigurationPlatforms) = preSolution
		Debug|Any CPU = Debug|Any CPU
		Release|Any CPU = Release|Any CPU
	EndGlobalSection
	GlobalSection(ProjectConfigurationPlatforms) = postSolution
		{F80F3805-5133-4CC7-B7A2-1FB38158DE93}.Debug|Any CPU.ActiveCfg = Debug|Any CPU
		{F80F3805-5133-4CC7-B7A2-1FB38158DE93}.Debug|Any CPU.Build.0 = Debug|Any CPU
		{F80F3805-5133-4CC7-B7A2-1FB38158DE93}.Release|Any CPU.ActiveCfg = Release|Any CPU
		{F80F3805-5133-4CC7-B7A2-1FB38158DE93}.Release|Any CPU.Build.0 = Release|Any CPU
	EndGlobalSection
	GlobalSection(SolutionProperties) = preSolution
		HideSolutionNode = FALSE
	EndGlobalSection
	GlobalSection(ExtensibilityGlobals) = postSolution
		SolutionGuid = {F0763E9D-3074-46B9-9F97-62A14F7E3250}
	EndGlobalSection
EndGlobal
